// !$*UTF8*$!
{
	archiveVersion = 1;
	classes = {
	};
	objectVersion = 56;
	objects = {

/* Begin PBXBuildFile section */
		7F2D04B22994551B007F1115 /* DateUtils.swift in Sources */ = {isa = PBXBuildFile; fileRef = 7F2D04B12994551B007F1115 /* DateUtils.swift */; };
		7F3729E029925BE800530EDC /* HomeView.swift in Sources */ = {isa = PBXBuildFile; fileRef = 7F3729DF29925BE800530EDC /* HomeView.swift */; };
		7F3729E22992640200530EDC /* CardView.swift in Sources */ = {isa = PBXBuildFile; fileRef = 7F3729E12992640200530EDC /* CardView.swift */; };
		7F3729E6299269AD00530EDC /* Course.swift in Sources */ = {isa = PBXBuildFile; fileRef = 7F3729E5299269AD00530EDC /* Course.swift */; };
		7FCD2E26298A8D26008F75B0 /* CourseApp.swift in Sources */ = {isa = PBXBuildFile; fileRef = 7FCD2E25298A8D26008F75B0 /* CourseApp.swift */; };
		7FCD2E28298A8D26008F75B0 /* ContentView.swift in Sources */ = {isa = PBXBuildFile; fileRef = 7FCD2E27298A8D26008F75B0 /* ContentView.swift */; };
		7FCD2E2A298A8D27008F75B0 /* Assets.xcassets in Resources */ = {isa = PBXBuildFile; fileRef = 7FCD2E29298A8D27008F75B0 /* Assets.xcassets */; };
		7FCD2E2D298A8D27008F75B0 /* Preview Assets.xcassets in Resources */ = {isa = PBXBuildFile; fileRef = 7FCD2E2C298A8D27008F75B0 /* Preview Assets.xcassets */; };
		7FCE8D13299797CB00355E4E /* PropertyComponent.swift in Sources */ = {isa = PBXBuildFile; fileRef = 7FCE8D12299797CB00355E4E /* PropertyComponent.swift */; };
		7FD10EF32997A1570087AB6D /* Extension&View.swift in Sources */ = {isa = PBXBuildFile; fileRef = 7FD10EF22997A1570087AB6D /* Extension&View.swift */; };
/* End PBXBuildFile section */

/* Begin PBXFileReference section */
		7F2D04B12994551B007F1115 /* DateUtils.swift */ = {isa = PBXFileReference; lastKnownFileType = sourcecode.swift; path = DateUtils.swift; sourceTree = "<group>"; };
		7F3729DF29925BE800530EDC /* HomeView.swift */ = {isa = PBXFileReference; lastKnownFileType = sourcecode.swift; path = HomeView.swift; sourceTree = "<group>"; };
		7F3729E12992640200530EDC /* CardView.swift */ = {isa = PBXFileReference; lastKnownFileType = sourcecode.swift; path = CardView.swift; sourceTree = "<group>"; };
		7F3729E5299269AD00530EDC /* Course.swift */ = {isa = PBXFileReference; lastKnownFileType = sourcecode.swift; path = Course.swift; sourceTree = "<group>"; };
		7FCD2E22298A8D26008F75B0 /* Course.app */ = {isa = PBXFileReference; explicitFileType = wrapper.application; includeInIndex = 0; path = Course.app; sourceTree = BUILT_PRODUCTS_DIR; };
		7FCD2E25298A8D26008F75B0 /* CourseApp.swift */ = {isa = PBXFileReference; lastKnownFileType = sourcecode.swift; path = CourseApp.swift; sourceTree = "<group>"; };
		7FCD2E27298A8D26008F75B0 /* ContentView.swift */ = {isa = PBXFileReference; lastKnownFileType = sourcecode.swift; path = ContentView.swift; sourceTree = "<group>"; };
		7FCD2E29298A8D27008F75B0 /* Assets.xcassets */ = {isa = PBXFileReference; lastKnownFileType = folder.assetcatalog; path = Assets.xcassets; sourceTree = "<group>"; };
		7FCD2E2C298A8D27008F75B0 /* Preview Assets.xcassets */ = {isa = PBXFileReference; lastKnownFileType = folder.assetcatalog; path = "Preview Assets.xcassets"; sourceTree = "<group>"; };
		7FCE8D12299797CB00355E4E /* PropertyComponent.swift */ = {isa = PBXFileReference; lastKnownFileType = sourcecode.swift; path = PropertyComponent.swift; sourceTree = "<group>"; };
		7FD10EF22997A1570087AB6D /* Extension&View.swift */ = {isa = PBXFileReference; lastKnownFileType = sourcecode.swift; path = "Extension&View.swift"; sourceTree = "<group>"; };
/* End PBXFileReference section */

/* Begin PBXFrameworksBuildPhase section */
		7FCD2E1F298A8D26008F75B0 /* Frameworks */ = {
			isa = PBXFrameworksBuildPhase;
			buildActionMask = 2147483647;
			files = (
			);
			runOnlyForDeploymentPostprocessing = 0;
		};
/* End PBXFrameworksBuildPhase section */

/* Begin PBXGroup section */
		7FCD2E19298A8D26008F75B0 = {
			isa = PBXGroup;
			children = (
				7FCD2E24298A8D26008F75B0 /* Course */,
				7FCD2E23298A8D26008F75B0 /* Products */,
			);
			sourceTree = "<group>";
		};
		7FCD2E23298A8D26008F75B0 /* Products */ = {
			isa = PBXGroup;
			children = (
				7FCD2E22298A8D26008F75B0 /* Course.app */,
			);
			name = Products;
			sourceTree = "<group>";
		};
		7FCD2E24298A8D26008F75B0 /* Course */ = {
			isa = PBXGroup;
			children = (
				7FD10EF12997A0E50087AB6D /* Helpers */,
				7FE240382992D4A500BF1B04 /* Utilities */,
				7FE240372992D48B00BF1B04 /* Model */,
				7FCE8D112997979900355E4E /* Components */,
				7FE240362992D46800BF1B04 /* Views */,
				7FCD2E27298A8D26008F75B0 /* ContentView.swift */,
				7FCD2E25298A8D26008F75B0 /* CourseApp.swift */,
				7FCD2E29298A8D27008F75B0 /* Assets.xcassets */,
				7FCD2E2B298A8D27008F75B0 /* Preview Content */,
			);
			path = Course;
			sourceTree = "<group>";
		};
		7FCD2E2B298A8D27008F75B0 /* Preview Content */ = {
			isa = PBXGroup;
			children = (
				7FCD2E2C298A8D27008F75B0 /* Preview Assets.xcassets */,
			);
			path = "Preview Content";
			sourceTree = "<group>";
		};
		7FCE8D112997979900355E4E /* Components */ = {
			isa = PBXGroup;
			children = (
				7FCE8D12299797CB00355E4E /* PropertyComponent.swift */,
			);
			path = Components;
			sourceTree = "<group>";
		};
		7FD10EF12997A0E50087AB6D /* Helpers */ = {
			isa = PBXGroup;
			children = (
				7FD10EF22997A1570087AB6D /* Extension&View.swift */,
			);
			path = Helpers;
			sourceTree = "<group>";
		};
		7FE240362992D46800BF1B04 /* Views */ = {
			isa = PBXGroup;
			children = (
				7F3729E12992640200530EDC /* CardView.swift */,
				7F3729DF29925BE800530EDC /* HomeView.swift */,
			);
			path = Views;
			sourceTree = "<group>";
		};
		7FE240372992D48B00BF1B04 /* Model */ = {
			isa = PBXGroup;
			children = (
				7F3729E5299269AD00530EDC /* Course.swift */,
			);
			path = Model;
			sourceTree = "<group>";
		};
		7FE240382992D4A500BF1B04 /* Utilities */ = {
			isa = PBXGroup;
			children = (
				7F2D04B12994551B007F1115 /* DateUtils.swift */,
			);
			path = Utilities;
			sourceTree = "<group>";
		};
/* End PBXGroup section */

/* Begin PBXNativeTarget section */
		7FCD2E21298A8D26008F75B0 /* Course */ = {
			isa = PBXNativeTarget;
			buildConfigurationList = 7FCD2E30298A8D27008F75B0 /* Build configuration list for PBXNativeTarget "Course" */;
			buildPhases = (
				7FCD2E1E298A8D26008F75B0 /* Sources */,
				7FCD2E1F298A8D26008F75B0 /* Frameworks */,
				7FCD2E20298A8D26008F75B0 /* Resources */,
			);
			buildRules = (
			);
			dependencies = (
			);
			name = Course;
			productName = Afirca;
			productReference = 7FCD2E22298A8D26008F75B0 /* Course.app */;
			productType = "com.apple.product-type.application";
		};
/* End PBXNativeTarget section */

/* Begin PBXProject section */
		7FCD2E1A298A8D26008F75B0 /* Project object */ = {
			isa = PBXProject;
			attributes = {
				BuildIndependentTargetsInParallel = 1;
				LastSwiftUpdateCheck = 1420;
				LastUpgradeCheck = 1420;
				TargetAttributes = {
					7FCD2E21298A8D26008F75B0 = {
						CreatedOnToolsVersion = 14.2;
					};
				};
			};
			buildConfigurationList = 7FCD2E1D298A8D26008F75B0 /* Build configuration list for PBXProject "Course" */;
			compatibilityVersion = "Xcode 14.0";
			developmentRegion = en;
			hasScannedForEncodings = 0;
			knownRegions = (
				en,
				Base,
			);
			mainGroup = 7FCD2E19298A8D26008F75B0;
			productRefGroup = 7FCD2E23298A8D26008F75B0 /* Products */;
			projectDirPath = "";
			projectRoot = "";
			targets = (
				7FCD2E21298A8D26008F75B0 /* Course */,
			);
		};
/* End PBXProject section */

/* Begin PBXResourcesBuildPhase section */
		7FCD2E20298A8D26008F75B0 /* Resources */ = {
			isa = PBXResourcesBuildPhase;
			buildActionMask = 2147483647;
			files = (
				7FCD2E2D298A8D27008F75B0 /* Preview Assets.xcassets in Resources */,
				7FCD2E2A298A8D27008F75B0 /* Assets.xcassets in Resources */,
			);
			runOnlyForDeploymentPostprocessing = 0;
		};
/* End PBXResourcesBuildPhase section */

/* Begin PBXSourcesBuildPhase section */
		7FCD2E1E298A8D26008F75B0 /* Sources */ = {
			isa = PBXSourcesBuildPhase;
			buildActionMask = 2147483647;
			files = (
				7F3729E029925BE800530EDC /* HomeView.swift in Sources */,
				7FCE8D13299797CB00355E4E /* PropertyComponent.swift in Sources */,
				7FCD2E28298A8D26008F75B0 /* ContentView.swift in Sources */,
				7FD10EF32997A1570087AB6D /* Extension&View.swift in Sources */,
				7F3729E22992640200530EDC /* CardView.swift in Sources */,
				7F2D04B22994551B007F1115 /* DateUtils.swift in Sources */,
				7F3729E6299269AD00530EDC /* Course.swift in Sources */,
				7FCD2E26298A8D26008F75B0 /* CourseApp.swift in Sources */,
			);
			runOnlyForDeploymentPostprocessing = 0;
		};
/* End PBXSourcesBuildPhase section */

/* Begin XCBuildConfiguration section */
		7FCD2E2E298A8D27008F75B0 /* Debug */ = {
			isa = XCBuildConfiguration;
			buildSettings = {
				ALWAYS_SEARCH_USER_PATHS = NO;
				CLANG_ANALYZER_NONNULL = YES;
				CLANG_ANALYZER_NUMBER_OBJECT_CONVERSION = YES_AGGRESSIVE;
				CLANG_CXX_LANGUAGE_STANDARD = "gnu++20";
				CLANG_ENABLE_MODULES = YES;
				CLANG_ENABLE_OBJC_ARC = YES;
				CLANG_ENABLE_OBJC_WEAK = YES;
				CLANG_WARN_BLOCK_CAPTURE_AUTORELEASING = YES;
				CLANG_WARN_BOOL_CONVERSION = YES;
				CLANG_WARN_COMMA = YES;
				CLANG_WARN_CONSTANT_CONVERSION = YES;
				CLANG_WARN_DEPRECATED_OBJC_IMPLEMENTATIONS = YES;
				CLANG_WARN_DIRECT_OBJC_ISA_USAGE = YES_ERROR;
				CLANG_WARN_DOCUMENTATION_COMMENTS = YES;
				CLANG_WARN_EMPTY_BODY = YES;
				CLANG_WARN_ENUM_CONVERSION = YES;
				CLANG_WARN_INFINITE_RECURSION = YES;
				CLANG_WARN_INT_CONVERSION = YES;
				CLANG_WARN_NON_LITERAL_NULL_CONVERSION = YES;
				CLANG_WARN_OBJC_IMPLICIT_RETAIN_SELF = YES;
				CLANG_WARN_OBJC_LITERAL_CONVERSION = YES;
				CLANG_WARN_OBJC_ROOT_CLASS = YES_ERROR;
				CLANG_WARN_QUOTED_INCLUDE_IN_FRAMEWORK_HEADER = YES;
				CLANG_WARN_RANGE_LOOP_ANALYSIS = YES;
				CLANG_WARN_STRICT_PROTOTYPES = YES;
				CLANG_WARN_SUSPICIOUS_MOVE = YES;
				CLANG_WARN_UNGUARDED_AVAILABILITY = YES_AGGRESSIVE;
				CLANG_WARN_UNREACHABLE_CODE = YES;
				CLANG_WARN__DUPLICATE_METHOD_MATCH = YES;
				COPY_PHASE_STRIP = NO;
				DEBUG_INFORMATION_FORMAT = dwarf;
				ENABLE_STRICT_OBJC_MSGSEND = YES;
				ENABLE_TESTABILITY = YES;
				GCC_C_LANGUAGE_STANDARD = gnu11;
				GCC_DYNAMIC_NO_PIC = NO;
				GCC_NO_COMMON_BLOCKS = YES;
				GCC_OPTIMIZATION_LEVEL = 0;
				GCC_PREPROCESSOR_DEFINITIONS = (
					"DEBUG=1",
					"$(inherited)",
				);
				GCC_WARN_64_TO_32_BIT_CONVERSION = YES;
				GCC_WARN_ABOUT_RETURN_TYPE = YES_ERROR;
				GCC_WARN_UNDECLARED_SELECTOR = YES;
				GCC_WARN_UNINITIALIZED_AUTOS = YES_AGGRESSIVE;
				GCC_WARN_UNUSED_FUNCTION = YES;
				GCC_WARN_UNUSED_VARIABLE = YES;
				IPHONEOS_DEPLOYMENT_TARGET = 16.2;
				MTL_ENABLE_DEBUG_INFO = INCLUDE_SOURCE;
				MTL_FAST_MATH = YES;
				ONLY_ACTIVE_ARCH = YES;
				SDKROOT = iphoneos;
				SWIFT_ACTIVE_COMPILATION_CONDITIONS = DEBUG;
				SWIFT_OPTIMIZATION_LEVEL = "-Onone";
			};
			name = Debug;
		};
		7FCD2E2F298A8D27008F75B0 /* Release */ = {
			isa = XCBuildConfiguration;
			buildSettings = {
				ALWAYS_SEARCH_USER_PATHS = NO;
				CLANG_ANALYZER_NONNULL = YES;
				CLANG_ANALYZER_NUMBER_OBJECT_CONVERSION = YES_AGGRESSIVE;
				CLANG_CXX_LANGUAGE_STANDARD = "gnu++20";
				CLANG_ENABLE_MODULES = YES;
				CLANG_ENABLE_OBJC_ARC = YES;
				CLANG_ENABLE_OBJC_WEAK = YES;
				CLANG_WARN_BLOCK_CAPTURE_AUTORELEASING = YES;
				CLANG_WARN_BOOL_CONVERSION = YES;
				CLANG_WARN_COMMA = YES;
				CLANG_WARN_CONSTANT_CONVERSION = YES;
				CLANG_WARN_DEPRECATED_OBJC_IMPLEMENTATIONS = YES;
				CLANG_WARN_DIRECT_OBJC_ISA_USAGE = YES_ERROR;
				CLANG_WARN_DOCUMENTATION_COMMENTS = YES;
				CLANG_WARN_EMPTY_BODY = YES;
				CLANG_WARN_ENUM_CONVERSION = YES;
				CLANG_WARN_INFINITE_RECURSION = YES;
				CLANG_WARN_INT_CONVERSION = YES;
				CLANG_WARN_NON_LITERAL_NULL_CONVERSION = YES;
				CLANG_WARN_OBJC_IMPLICIT_RETAIN_SELF = YES;
				CLANG_WARN_OBJC_LITERAL_CONVERSION = YES;
				CLANG_WARN_OBJC_ROOT_CLASS = YES_ERROR;
				CLANG_WARN_QUOTED_INCLUDE_IN_FRAMEWORK_HEADER = YES;
				CLANG_WARN_RANGE_LOOP_ANALYSIS = YES;
				CLANG_WARN_STRICT_PROTOTYPES = YES;
				CLANG_WARN_SUSPICIOUS_MOVE = YES;
				CLANG_WARN_UNGUARDED_AVAILABILITY = YES_AGGRESSIVE;
				CLANG_WARN_UNREACHABLE_CODE = YES;
				CLANG_WARN__DUPLICATE_METHOD_MATCH = YES;
				COPY_PHASE_STRIP = NO;
				DEBUG_INFORMATION_FORMAT = "dwarf-with-dsym";
				ENABLE_NS_ASSERTIONS = NO;
				ENABLE_STRICT_OBJC_MSGSEND = YES;
				GCC_C_LANGUAGE_STANDARD = gnu11;
				GCC_NO_COMMON_BLOCKS = YES;
				GCC_WARN_64_TO_32_BIT_CONVERSION = YES;
				GCC_WARN_ABOUT_RETURN_TYPE = YES_ERROR;
				GCC_WARN_UNDECLARED_SELECTOR = YES;
				GCC_WARN_UNINITIALIZED_AUTOS = YES_AGGRESSIVE;
				GCC_WARN_UNUSED_FUNCTION = YES;
				GCC_WARN_UNUSED_VARIABLE = YES;
				IPHONEOS_DEPLOYMENT_TARGET = 16.2;
				MTL_ENABLE_DEBUG_INFO = NO;
				MTL_FAST_MATH = YES;
				SDKROOT = iphoneos;
				SWIFT_COMPILATION_MODE = wholemodule;
				SWIFT_OPTIMIZATION_LEVEL = "-O";
				VALIDATE_PRODUCT = YES;
			};
			name = Release;
		};
		7FCD2E31298A8D27008F75B0 /* Debug */ = {
			isa = XCBuildConfiguration;
			buildSettings = {
				ASSETCATALOG_COMPILER_APPICON_NAME = AppIcon;
				ASSETCATALOG_COMPILER_GLOBAL_ACCENT_COLOR_NAME = AccentColor;
				CODE_SIGN_STYLE = Automatic;
				CURRENT_PROJECT_VERSION = 1;
				DEVELOPMENT_ASSET_PATHS = "\"Course/Preview Content\"";
				DEVELOPMENT_TEAM = 5A6RZ9U4VN;
				ENABLE_PREVIEWS = YES;
				GENERATE_INFOPLIST_FILE = YES;
				INFOPLIST_KEY_CFBundleDisplayName = Lecture;
				INFOPLIST_KEY_LSApplicationCategoryType = "public.app-category.education";
				INFOPLIST_KEY_UIApplicationSceneManifest_Generation = YES;
				INFOPLIST_KEY_UIApplicationSupportsIndirectInputEvents = YES;
				INFOPLIST_KEY_UILaunchScreen_Generation = YES;
				INFOPLIST_KEY_UISupportedInterfaceOrientations = UIInterfaceOrientationPortrait;
				IPHONEOS_DEPLOYMENT_TARGET = 16.0;
				LD_RUNPATH_SEARCH_PATHS = (
					"$(inherited)",
					"@executable_path/Frameworks",
				);
				MARKETING_VERSION = 1.0;
				PRODUCT_BUNDLE_IDENTIFIER = com.ismailsalah.Course;
				PRODUCT_NAME = "$(TARGET_NAME)";
				SUPPORTED_PLATFORMS = "iphoneos iphonesimulator";
				SUPPORTS_MACCATALYST = NO;
				SUPPORTS_MAC_DESIGNED_FOR_IPHONE_IPAD = NO;
				SWIFT_EMIT_LOC_STRINGS = YES;
				SWIFT_VERSION = 5.0;
				TARGETED_DEVICE_FAMILY = 1;
			};
			name = Debug;
		};
		7FCD2E32298A8D27008F75B0 /* Release */ = {
			isa = XCBuildConfiguration;
			buildSettings = {
				ASSETCATALOG_COMPILER_APPICON_NAME = AppIcon;
				ASSETCATALOG_COMPILER_GLOBAL_ACCENT_COLOR_NAME = AccentColor;
				CODE_SIGN_STYLE = Automatic;
				CURRENT_PROJECT_VERSION = 1;
				DEVELOPMENT_ASSET_PATHS = "\"Course/Preview Content\"";
				DEVELOPMENT_TEAM = 5A6RZ9U4VN;
				ENABLE_PREVIEWS = YES;
				GENERATE_INFOPLIST_FILE = YES;
				INFOPLIST_KEY_CFBundleDisplayName = Lecture;
				INFOPLIST_KEY_LSApplicationCategoryType = "public.app-category.education";
				INFOPLIST_KEY_UIApplicationSceneManifest_Generation = YES;
				INFOPLIST_KEY_UIApplicationSupportsIndirectInputEvents = YES;
				INFOPLIST_KEY_UILaunchScreen_Generation = YES;
				INFOPLIST_KEY_UISupportedInterfaceOrientations = UIInterfaceOrientationPortrait;
				IPHONEOS_DEPLOYMENT_TARGET = 16.0;
				LD_RUNPATH_SEARCH_PATHS = (
					"$(inherited)",
					"@executable_path/Frameworks",
				);
				MARKETING_VERSION = 1.0;
				PRODUCT_BUNDLE_IDENTIFIER = com.ismailsalah.Course;
				PRODUCT_NAME = "$(TARGET_NAME)";
				SUPPORTED_PLATFORMS = "iphoneos iphonesimulator";
				SUPPORTS_MACCATALYST = NO;
				SUPPORTS_MAC_DESIGNED_FOR_IPHONE_IPAD = NO;
				SWIFT_EMIT_LOC_STRINGS = YES;
				SWIFT_VERSION = 5.0;
				TARGETED_DEVICE_FAMILY = 1;
			};
			name = Release;
		};
/* End XCBuildConfiguration section */

/* Begin XCConfigurationList section */
		7FCD2E1D298A8D26008F75B0 /* Build configuration list for PBXProject "Course" */ = {
			isa = XCConfigurationList;
			buildConfigurations = (
				7FCD2E2E298A8D27008F75B0 /* Debug */,
				7FCD2E2F298A8D27008F75B0 /* Release */,
			);
			defaultConfigurationIsVisible = 0;
			defaultConfigurationName = Release;
		};
		7FCD2E30298A8D27008F75B0 /* Build configuration list for PBXNativeTarget "Course" */ = {
			isa = XCConfigurationList;
			buildConfigurations = (
				7FCD2E31298A8D27008F75B0 /* Debug */,
				7FCD2E32298A8D27008F75B0 /* Release */,
			);
			defaultConfigurationIsVisible = 0;
			defaultConfigurationName = Release;
		};
/* End XCConfigurationList section */
	};
	rootObject = 7FCD2E1A298A8D26008F75B0 /* Project object */;
}
